
Microsoft Visual Studio Solution File, Format Version 12.00
# Visual Studio Version 16
VisualStudioVersion = 16.0.31105.61
MinimumVisualStudioVersion = 10.0.40219.1
Project("{9A19103F-16F7-4668-BE54-9A1E7A4F7556}") = "Euler", "Euler\Euler.csproj", "{98AFF9FE-859F-4971-895C-02D2F71183A5}"
EndProject
Global
	GlobalSection(SolutionConfigurationPlatforms) = preSolution
		Debug|Any CPU = Debug|Any CPU
		Debug|x64 = Debug|x64
		Release|Any CPU = Release|Any CPU
		Release|x64 = Release|x64
	EndGlobalSection
	GlobalSection(ProjectConfigurationPlatforms) = postSolution
		{98AFF9FE-859F-4971-895C-02D2F71183A5}.Debug|Any CPU.ActiveCfg = Debug|Any CPU
		{98AFF9FE-859F-4971-895C-02D2F71183A5}.Debug|Any CPU.Build.0 = Debug|Any CPU
		{98AFF9FE-859F-4971-895C-02D2F71183A5}.Debug|x64.ActiveCfg = Debug|x64
		{98AFF9FE-859F-4971-895C-02D2F71183A5}.Debug|x64.Build.0 = Debug|x64
		{98AFF9FE-859F-4971-895C-02D2F71183A5}.Release|Any CPU.ActiveCfg = Release|Any CPU
		{98AFF9FE-859F-4971-895C-02D2F71183A5}.Release|Any CPU.Build.0 = Release|Any CPU
		{98AFF9FE-859F-4971-895C-02D2F71183A5}.Release|x64.ActiveCfg = Release|x64
		{98AFF9FE-859F-4971-895C-02D2F71183A5}.Release|x64.Build.0 = Release|x64
	EndGlobalSection
	GlobalSection(SolutionProperties) = preSolution
		HideSolutionNode = FALSE
	EndGlobalSection
	GlobalSection(ExtensibilityGlobals) = postSolution
		SolutionGuid = {A1324CBE-8361-4562-9CB8-07F891988672}
	EndGlobalSection
EndGlobal
